// !$*UTF8*$!
{
	archiveVersion = 1;
	classes = {
	};
	objectVersion = 56;
	objects = {

/* Begin PBXBuildFile section */
		5D5248B32BBFAF090082FC70 /* AppDelegate.swift in Sources */ = {isa = PBXBuildFile; fileRef = 5D5248B22BBFAF090082FC70 /* AppDelegate.swift */; };
		5D5248B52BBFAF090082FC70 /* SceneDelegate.swift in Sources */ = {isa = PBXBuildFile; fileRef = 5D5248B42BBFAF090082FC70 /* SceneDelegate.swift */; };
		5D5248B72BBFAF090082FC70 /* ViewController.swift in Sources */ = {isa = PBXBuildFile; fileRef = 5D5248B62BBFAF090082FC70 /* ViewController.swift */; };
		5D5248BA2BBFAF090082FC70 /* Main.storyboard in Resources */ = {isa = PBXBuildFile; fileRef = 5D5248B82BBFAF090082FC70 /* Main.storyboard */; };
		5D5248BC2BBFAF0B0082FC70 /* Assets.xcassets in Resources */ = {isa = PBXBuildFile; fileRef = 5D5248BB2BBFAF0B0082FC70 /* Assets.xcassets */; };
		5D5248BF2BBFAF0B0082FC70 /* LaunchScreen.storyboard in Resources */ = {isa = PBXBuildFile; fileRef = 5D5248BD2BBFAF0B0082FC70 /* LaunchScreen.storyboard */; };
		5D5248CA2BBFAF0B0082FC70 /* PeladappTests.swift in Sources */ = {isa = PBXBuildFile; fileRef = 5D5248C92BBFAF0B0082FC70 /* PeladappTests.swift */; };
		5D5248D42BBFAF0B0082FC70 /* PeladappUITests.swift in Sources */ = {isa = PBXBuildFile; fileRef = 5D5248D32BBFAF0B0082FC70 /* PeladappUITests.swift */; };
		5D5248D62BBFAF0B0082FC70 /* PeladappUITestsLaunchTests.swift in Sources */ = {isa = PBXBuildFile; fileRef = 5D5248D52BBFAF0B0082FC70 /* PeladappUITestsLaunchTests.swift */; };
/* End PBXBuildFile section */

/* Begin PBXContainerItemProxy section */
		5D5248C62BBFAF0B0082FC70 /* PBXContainerItemProxy */ = {
			isa = PBXContainerItemProxy;
			containerPortal = 5D5248A72BBFAF090082FC70 /* Project object */;
			proxyType = 1;
			remoteGlobalIDString = 5D5248AE2BBFAF090082FC70;
			remoteInfo = Peladapp;
		};
		5D5248D02BBFAF0B0082FC70 /* PBXContainerItemProxy */ = {
			isa = PBXContainerItemProxy;
			containerPortal = 5D5248A72BBFAF090082FC70 /* Project object */;
			proxyType = 1;
			remoteGlobalIDString = 5D5248AE2BBFAF090082FC70;
			remoteInfo = Peladapp;
		};
/* End PBXContainerItemProxy section */

/* Begin PBXFileReference section */
		5D5248AF2BBFAF090082FC70 /* Peladapp.app */ = {isa = PBXFileReference; explicitFileType = wrapper.application; includeInIndex = 0; path = Peladapp.app; sourceTree = BUILT_PRODUCTS_DIR; };
		5D5248B22BBFAF090082FC70 /* AppDelegate.swift */ = {isa = PBXFileReference; lastKnownFileType = sourcecode.swift; path = AppDelegate.swift; sourceTree = "<group>"; };
		5D5248B42BBFAF090082FC70 /* SceneDelegate.swift */ = {isa = PBXFileReference; lastKnownFileType = sourcecode.swift; path = SceneDelegate.swift; sourceTree = "<group>"; };
		5D5248B62BBFAF090082FC70 /* ViewController.swift */ = {isa = PBXFileReference; lastKnownFileType = sourcecode.swift; path = ViewController.swift; sourceTree = "<group>"; };
		5D5248B92BBFAF090082FC70 /* Base */ = {isa = PBXFileReference; lastKnownFileType = file.storyboard; name = Base; path = Base.lproj/Main.storyboard; sourceTree = "<group>"; };
		5D5248BB2BBFAF0B0082FC70 /* Assets.xcassets */ = {isa = PBXFileReference; lastKnownFileType = folder.assetcatalog; path = Assets.xcassets; sourceTree = "<group>"; };
		5D5248BE2BBFAF0B0082FC70 /* Base */ = {isa = PBXFileReference; lastKnownFileType = file.storyboard; name = Base; path = Base.lproj/LaunchScreen.storyboard; sourceTree = "<group>"; };
		5D5248C02BBFAF0B0082FC70 /* Info.plist */ = {isa = PBXFileReference; lastKnownFileType = text.plist.xml; path = Info.plist; sourceTree = "<group>"; };
		5D5248C52BBFAF0B0082FC70 /* PeladappTests.xctest */ = {isa = PBXFileReference; explicitFileType = wrapper.cfbundle; includeInIndex = 0; path = PeladappTests.xctest; sourceTree = BUILT_PRODUCTS_DIR; };
		5D5248C92BBFAF0B0082FC70 /* PeladappTests.swift */ = {isa = PBXFileReference; lastKnownFileType = sourcecode.swift; path = PeladappTests.swift; sourceTree = "<group>"; };
		5D5248CF2BBFAF0B0082FC70 /* PeladappUITests.xctest */ = {isa = PBXFileReference; explicitFileType = wrapper.cfbundle; includeInIndex = 0; path = PeladappUITests.xctest; sourceTree = BUILT_PRODUCTS_DIR; };
		5D5248D32BBFAF0B0082FC70 /* PeladappUITests.swift */ = {isa = PBXFileReference; lastKnownFileType = sourcecode.swift; path = PeladappUITests.swift; sourceTree = "<group>"; };
		5D5248D52BBFAF0B0082FC70 /* PeladappUITestsLaunchTests.swift */ = {isa = PBXFileReference; lastKnownFileType = sourcecode.swift; path = PeladappUITestsLaunchTests.swift; sourceTree = "<group>"; };
/* End PBXFileReference section */

/* Begin PBXFrameworksBuildPhase section */
		5D5248AC2BBFAF090082FC70 /* Frameworks */ = {
			isa = PBXFrameworksBuildPhase;
			buildActionMask = 2147483647;
			files = (
			);
			runOnlyForDeploymentPostprocessing = 0;
		};
		5D5248C22BBFAF0B0082FC70 /* Frameworks */ = {
			isa = PBXFrameworksBuildPhase;
			buildActionMask = 2147483647;
			files = (
			);
			runOnlyForDeploymentPostprocessing = 0;
		};
		5D5248CC2BBFAF0B0082FC70 /* Frameworks */ = {
			isa = PBXFrameworksBuildPhase;
			buildActionMask = 2147483647;
			files = (
			);
			runOnlyForDeploymentPostprocessing = 0;
		};
/* End PBXFrameworksBuildPhase section */

/* Begin PBXGroup section */
		5D5248A62BBFAF090082FC70 = {
			isa = PBXGroup;
			children = (
				5D5248B12BBFAF090082FC70 /* Peladapp */,
				5D5248C82BBFAF0B0082FC70 /* PeladappTests */,
				5D5248D22BBFAF0B0082FC70 /* PeladappUITests */,
				5D5248B02BBFAF090082FC70 /* Products */,
			);
			sourceTree = "<group>";
		};
		5D5248B02BBFAF090082FC70 /* Products */ = {
			isa = PBXGroup;
			children = (
				5D5248AF2BBFAF090082FC70 /* Peladapp.app */,
				5D5248C52BBFAF0B0082FC70 /* PeladappTests.xctest */,
				5D5248CF2BBFAF0B0082FC70 /* PeladappUITests.xctest */,
			);
			name = Products;
			sourceTree = "<group>";
		};
		5D5248B12BBFAF090082FC70 /* Peladapp */ = {
			isa = PBXGroup;
			children = (
				5D5248B22BBFAF090082FC70 /* AppDelegate.swift */,
				5D5248B42BBFAF090082FC70 /* SceneDelegate.swift */,
				5D5248B62BBFAF090082FC70 /* ViewController.swift */,
				5D5248B82BBFAF090082FC70 /* Main.storyboard */,
				5D5248BB2BBFAF0B0082FC70 /* Assets.xcassets */,
				5D5248BD2BBFAF0B0082FC70 /* LaunchScreen.storyboard */,
				5D5248C02BBFAF0B0082FC70 /* Info.plist */,
			);
			path = Peladapp;
			sourceTree = "<group>";
		};
		5D5248C82BBFAF0B0082FC70 /* PeladappTests */ = {
			isa = PBXGroup;
			children = (
				5D5248C92BBFAF0B0082FC70 /* PeladappTests.swift */,
			);
			path = PeladappTests;
			sourceTree = "<group>";
		};
		5D5248D22BBFAF0B0082FC70 /* PeladappUITests */ = {
			isa = PBXGroup;
			children = (
				5D5248D32BBFAF0B0082FC70 /* PeladappUITests.swift */,
				5D5248D52BBFAF0B0082FC70 /* PeladappUITestsLaunchTests.swift */,
			);
			path = PeladappUITests;
			sourceTree = "<group>";
		};
/* End PBXGroup section */

/* Begin PBXNativeTarget section */
		5D5248AE2BBFAF090082FC70 /* Peladapp */ = {
			isa = PBXNativeTarget;
			buildConfigurationList = 5D5248D92BBFAF0B0082FC70 /* Build configuration list for PBXNativeTarget "Peladapp" */;
			buildPhases = (
				5D5248AB2BBFAF090082FC70 /* Sources */,
				5D5248AC2BBFAF090082FC70 /* Frameworks */,
				5D5248AD2BBFAF090082FC70 /* Resources */,
			);
			buildRules = (
			);
			dependencies = (
			);
			name = Peladapp;
			productName = Peladapp;
			productReference = 5D5248AF2BBFAF090082FC70 /* Peladapp.app */;
			productType = "com.apple.product-type.application";
		};
		5D5248C42BBFAF0B0082FC70 /* PeladappTests */ = {
			isa = PBXNativeTarget;
			buildConfigurationList = 5D5248DC2BBFAF0B0082FC70 /* Build configuration list for PBXNativeTarget "PeladappTests" */;
			buildPhases = (
				5D5248C12BBFAF0B0082FC70 /* Sources */,
				5D5248C22BBFAF0B0082FC70 /* Frameworks */,
				5D5248C32BBFAF0B0082FC70 /* Resources */,
			);
			buildRules = (
			);
			dependencies = (
				5D5248C72BBFAF0B0082FC70 /* PBXTargetDependency */,
			);
			name = PeladappTests;
			productName = PeladappTests;
			productReference = 5D5248C52BBFAF0B0082FC70 /* PeladappTests.xctest */;
			productType = "com.apple.product-type.bundle.unit-test";
		};
		5D5248CE2BBFAF0B0082FC70 /* PeladappUITests */ = {
			isa = PBXNativeTarget;
			buildConfigurationList = 5D5248DF2BBFAF0B0082FC70 /* Build configuration list for PBXNativeTarget "PeladappUITests" */;
			buildPhases = (
				5D5248CB2BBFAF0B0082FC70 /* Sources */,
				5D5248CC2BBFAF0B0082FC70 /* Frameworks */,
				5D5248CD2BBFAF0B0082FC70 /* Resources */,
			);
			buildRules = (
			);
			dependencies = (
				5D5248D12BBFAF0B0082FC70 /* PBXTargetDependency */,
			);
			name = PeladappUITests;
			productName = PeladappUITests;
			productReference = 5D5248CF2BBFAF0B0082FC70 /* PeladappUITests.xctest */;
			productType = "com.apple.product-type.bundle.ui-testing";
		};
/* End PBXNativeTarget section */

/* Begin PBXProject section */
		5D5248A72BBFAF090082FC70 /* Project object */ = {
			isa = PBXProject;
			attributes = {
				BuildIndependentTargetsInParallel = 1;
				LastSwiftUpdateCheck = 1520;
				LastUpgradeCheck = 1520;
				TargetAttributes = {
					5D5248AE2BBFAF090082FC70 = {
						CreatedOnToolsVersion = 15.2;
					};
					5D5248C42BBFAF0B0082FC70 = {
						CreatedOnToolsVersion = 15.2;
						TestTargetID = 5D5248AE2BBFAF090082FC70;
					};
					5D5248CE2BBFAF0B0082FC70 = {
						CreatedOnToolsVersion = 15.2;
						TestTargetID = 5D5248AE2BBFAF090082FC70;
					};
				};
			};
			buildConfigurationList = 5D5248AA2BBFAF090082FC70 /* Build configuration list for PBXProject "Peladapp" */;
			compatibilityVersion = "Xcode 14.0";
			developmentRegion = en;
			hasScannedForEncodings = 0;
			knownRegions = (
				en,
				Base,
			);
			mainGroup = 5D5248A62BBFAF090082FC70;
			productRefGroup = 5D5248B02BBFAF090082FC70 /* Products */;
			projectDirPath = "";
			projectRoot = "";
			targets = (
				5D5248AE2BBFAF090082FC70 /* Peladapp */,
				5D5248C42BBFAF0B0082FC70 /* PeladappTests */,
				5D5248CE2BBFAF0B0082FC70 /* PeladappUITests */,
			);
		};
/* End PBXProject section */

/* Begin PBXResourcesBuildPhase section */
		5D5248AD2BBFAF090082FC70 /* Resources */ = {
			isa = PBXResourcesBuildPhase;
			buildActionMask = 2147483647;
			files = (
				5D5248BF2BBFAF0B0082FC70 /* LaunchScreen.storyboard in Resources */,
				5D5248BC2BBFAF0B0082FC70 /* Assets.xcassets in Resources */,
				5D5248BA2BBFAF090082FC70 /* Main.storyboard in Resources */,
			);
			runOnlyForDeploymentPostprocessing = 0;
		};
		5D5248C32BBFAF0B0082FC70 /* Resources */ = {
			isa = PBXResourcesBuildPhase;
			buildActionMask = 2147483647;
			files = (
			);
			runOnlyForDeploymentPostprocessing = 0;
		};
		5D5248CD2BBFAF0B0082FC70 /* Resources */ = {
			isa = PBXResourcesBuildPhase;
			buildActionMask = 2147483647;
			files = (
			);
			runOnlyForDeploymentPostprocessing = 0;
		};
/* End PBXResourcesBuildPhase section */

/* Begin PBXSourcesBuildPhase section */
		5D5248AB2BBFAF090082FC70 /* Sources */ = {
			isa = PBXSourcesBuildPhase;
			buildActionMask = 2147483647;
			files = (
				5D5248B72BBFAF090082FC70 /* ViewController.swift in Sources */,
				5D5248B32BBFAF090082FC70 /* AppDelegate.swift in Sources */,
				5D5248B52BBFAF090082FC70 /* SceneDelegate.swift in Sources */,
			);
			runOnlyForDeploymentPostprocessing = 0;
		};
		5D5248C12BBFAF0B0082FC70 /* Sources */ = {
			isa = PBXSourcesBuildPhase;
			buildActionMask = 2147483647;
			files = (
				5D5248CA2BBFAF0B0082FC70 /* PeladappTests.swift in Sources */,
			);
			runOnlyForDeploymentPostprocessing = 0;
		};
		5D5248CB2BBFAF0B0082FC70 /* Sources */ = {
			isa = PBXSourcesBuildPhase;
			buildActionMask = 2147483647;
			files = (
				5D5248D62BBFAF0B0082FC70 /* PeladappUITestsLaunchTests.swift in Sources */,
				5D5248D42BBFAF0B0082FC70 /* PeladappUITests.swift in Sources */,
			);
			runOnlyForDeploymentPostprocessing = 0;
		};
/* End PBXSourcesBuildPhase section */

/* Begin PBXTargetDependency section */
		5D5248C72BBFAF0B0082FC70 /* PBXTargetDependency */ = {
			isa = PBXTargetDependency;
			target = 5D5248AE2BBFAF090082FC70 /* Peladapp */;
			targetProxy = 5D5248C62BBFAF0B0082FC70 /* PBXContainerItemProxy */;
		};
		5D5248D12BBFAF0B0082FC70 /* PBXTargetDependency */ = {
			isa = PBXTargetDependency;
			target = 5D5248AE2BBFAF090082FC70 /* Peladapp */;
			targetProxy = 5D5248D02BBFAF0B0082FC70 /* PBXContainerItemProxy */;
		};
/* End PBXTargetDependency section */

/* Begin PBXVariantGroup section */
		5D5248B82BBFAF090082FC70 /* Main.storyboard */ = {
			isa = PBXVariantGroup;
			children = (
				5D5248B92BBFAF090082FC70 /* Base */,
			);
			name = Main.storyboard;
			sourceTree = "<group>";
		};
		5D5248BD2BBFAF0B0082FC70 /* LaunchScreen.storyboard */ = {
			isa = PBXVariantGroup;
			children = (
				5D5248BE2BBFAF0B0082FC70 /* Base */,
			);
			name = LaunchScreen.storyboard;
			sourceTree = "<group>";
		};
/* End PBXVariantGroup section */

/* Begin XCBuildConfiguration section */
		5D5248D72BBFAF0B0082FC70 /* Debug */ = {
			isa = XCBuildConfiguration;
			buildSettings = {
				ALWAYS_SEARCH_USER_PATHS = NO;
				ASSETCATALOG_COMPILER_GENERATE_SWIFT_ASSET_SYMBOL_EXTENSIONS = YES;
				CLANG_ANALYZER_NONNULL = YES;
				CLANG_ANALYZER_NUMBER_OBJECT_CONVERSION = YES_AGGRESSIVE;
				CLANG_CXX_LANGUAGE_STANDARD = "gnu++20";
				CLANG_ENABLE_MODULES = YES;
				CLANG_ENABLE_OBJC_ARC = YES;
				CLANG_ENABLE_OBJC_WEAK = YES;
				CLANG_WARN_BLOCK_CAPTURE_AUTORELEASING = YES;
				CLANG_WARN_BOOL_CONVERSION = YES;
				CLANG_WARN_COMMA = YES;
				CLANG_WARN_CONSTANT_CONVERSION = YES;
				CLANG_WARN_DEPRECATED_OBJC_IMPLEMENTATIONS = YES;
				CLANG_WARN_DIRECT_OBJC_ISA_USAGE = YES_ERROR;
				CLANG_WARN_DOCUMENTATION_COMMENTS = YES;
				CLANG_WARN_EMPTY_BODY = YES;
				CLANG_WARN_ENUM_CONVERSION = YES;
				CLANG_WARN_INFINITE_RECURSION = YES;
				CLANG_WARN_INT_CONVERSION = YES;
				CLANG_WARN_NON_LITERAL_NULL_CONVERSION = YES;
				CLANG_WARN_OBJC_IMPLICIT_RETAIN_SELF = YES;
				CLANG_WARN_OBJC_LITERAL_CONVERSION = YES;
				CLANG_WARN_OBJC_ROOT_CLASS = YES_ERROR;
				CLANG_WARN_QUOTED_INCLUDE_IN_FRAMEWORK_HEADER = YES;
				CLANG_WARN_RANGE_LOOP_ANALYSIS = YES;
				CLANG_WARN_STRICT_PROTOTYPES = YES;
				CLANG_WARN_SUSPICIOUS_MOVE = YES;
				CLANG_WARN_UNGUARDED_AVAILABILITY = YES_AGGRESSIVE;
				CLANG_WARN_UNREACHABLE_CODE = YES;
				CLANG_WARN__DUPLICATE_METHOD_MATCH = YES;
				COPY_PHASE_STRIP = NO;
				DEBUG_INFORMATION_FORMAT = dwarf;
				ENABLE_STRICT_OBJC_MSGSEND = YES;
				ENABLE_TESTABILITY = YES;
				ENABLE_USER_SCRIPT_SANDBOXING = YES;
				GCC_C_LANGUAGE_STANDARD = gnu17;
				GCC_DYNAMIC_NO_PIC = NO;
				GCC_NO_COMMON_BLOCKS = YES;
				GCC_OPTIMIZATION_LEVEL = 0;
				GCC_PREPROCESSOR_DEFINITIONS = (
					"DEBUG=1",
					"$(inherited)",
				);
				GCC_WARN_64_TO_32_BIT_CONVERSION = YES;
				GCC_WARN_ABOUT_RETURN_TYPE = YES_ERROR;
				GCC_WARN_UNDECLARED_SELECTOR = YES;
				GCC_WARN_UNINITIALIZED_AUTOS = YES_AGGRESSIVE;
				GCC_WARN_UNUSED_FUNCTION = YES;
				GCC_WARN_UNUSED_VARIABLE = YES;
				IPHONEOS_DEPLOYMENT_TARGET = 17.2;
				LOCALIZATION_PREFERS_STRING_CATALOGS = YES;
				MTL_ENABLE_DEBUG_INFO = INCLUDE_SOURCE;
				MTL_FAST_MATH = YES;
				ONLY_ACTIVE_ARCH = YES;
				SDKROOT = iphoneos;
				SWIFT_ACTIVE_COMPILATION_CONDITIONS = "DEBUG $(inherited)";
				SWIFT_OPTIMIZATION_LEVEL = "-Onone";
			};
			name = Debug;
		};
		5D5248D82BBFAF0B0082FC70 /* Release */ = {
			isa = XCBuildConfiguration;
			buildSettings = {
				ALWAYS_SEARCH_USER_PATHS = NO;
				ASSETCATALOG_COMPILER_GENERATE_SWIFT_ASSET_SYMBOL_EXTENSIONS = YES;
				CLANG_ANALYZER_NONNULL = YES;
				CLANG_ANALYZER_NUMBER_OBJECT_CONVERSION = YES_AGGRESSIVE;
				CLANG_CXX_LANGUAGE_STANDARD = "gnu++20";
				CLANG_ENABLE_MODULES = YES;
				CLANG_ENABLE_OBJC_ARC = YES;
				CLANG_ENABLE_OBJC_WEAK = YES;
				CLANG_WARN_BLOCK_CAPTURE_AUTORELEASING = YES;
				CLANG_WARN_BOOL_CONVERSION = YES;
				CLANG_WARN_COMMA = YES;
				CLANG_WARN_CONSTANT_CONVERSION = YES;
				CLANG_WARN_DEPRECATED_OBJC_IMPLEMENTATIONS = YES;
				CLANG_WARN_DIRECT_OBJC_ISA_USAGE = YES_ERROR;
				CLANG_WARN_DOCUMENTATION_COMMENTS = YES;
				CLANG_WARN_EMPTY_BODY = YES;
				CLANG_WARN_ENUM_CONVERSION = YES;
				CLANG_WARN_INFINITE_RECURSION = YES;
				CLANG_WARN_INT_CONVERSION = YES;
				CLANG_WARN_NON_LITERAL_NULL_CONVERSION = YES;
				CLANG_WARN_OBJC_IMPLICIT_RETAIN_SELF = YES;
				CLANG_WARN_OBJC_LITERAL_CONVERSION = YES;
				CLANG_WARN_OBJC_ROOT_CLASS = YES_ERROR;
				CLANG_WARN_QUOTED_INCLUDE_IN_FRAMEWORK_HEADER = YES;
				CLANG_WARN_RANGE_LOOP_ANALYSIS = YES;
				CLANG_WARN_STRICT_PROTOTYPES = YES;
				CLANG_WARN_SUSPICIOUS_MOVE = YES;
				CLANG_WARN_UNGUARDED_AVAILABILITY = YES_AGGRESSIVE;
				CLANG_WARN_UNREACHABLE_CODE = YES;
				CLANG_WARN__DUPLICATE_METHOD_MATCH = YES;
				COPY_PHASE_STRIP = NO;
				DEBUG_INFORMATION_FORMAT = "dwarf-with-dsym";
				ENABLE_NS_ASSERTIONS = NO;
				ENABLE_STRICT_OBJC_MSGSEND = YES;
				ENABLE_USER_SCRIPT_SANDBOXING = YES;
				GCC_C_LANGUAGE_STANDARD = gnu17;
				GCC_NO_COMMON_BLOCKS = YES;
				GCC_WARN_64_TO_32_BIT_CONVERSION = YES;
				GCC_WARN_ABOUT_RETURN_TYPE = YES_ERROR;
				GCC_WARN_UNDECLARED_SELECTOR = YES;
				GCC_WARN_UNINITIALIZED_AUTOS = YES_AGGRESSIVE;
				GCC_WARN_UNUSED_FUNCTION = YES;
				GCC_WARN_UNUSED_VARIABLE = YES;
				IPHONEOS_DEPLOYMENT_TARGET = 17.2;
				LOCALIZATION_PREFERS_STRING_CATALOGS = YES;
				MTL_ENABLE_DEBUG_INFO = NO;
				MTL_FAST_MATH = YES;
				SDKROOT = iphoneos;
				SWIFT_COMPILATION_MODE = wholemodule;
				VALIDATE_PRODUCT = YES;
			};
			name = Release;
		};
		5D5248DA2BBFAF0B0082FC70 /* Debug */ = {
			isa = XCBuildConfiguration;
			buildSettings = {
				ASSETCATALOG_COMPILER_APPICON_NAME = AppIcon;
				ASSETCATALOG_COMPILER_GLOBAL_ACCENT_COLOR_NAME = AccentColor;
				CODE_SIGN_STYLE = Automatic;
				CURRENT_PROJECT_VERSION = 1;
				DEVELOPMENT_TEAM = 5WCLLV7X27;
				GENERATE_INFOPLIST_FILE = YES;
				INFOPLIST_FILE = Peladapp/Info.plist;
				INFOPLIST_KEY_UIApplicationSupportsIndirectInputEvents = YES;
				INFOPLIST_KEY_UILaunchStoryboardName = LaunchScreen;
				INFOPLIST_KEY_UIMainStoryboardFile = Main;
				INFOPLIST_KEY_UISupportedInterfaceOrientations_iPad = "UIInterfaceOrientationPortrait UIInterfaceOrientationPortraitUpsideDown UIInterfaceOrientationLandscapeLeft UIInterfaceOrientationLandscapeRight";
				INFOPLIST_KEY_UISupportedInterfaceOrientations_iPhone = "UIInterfaceOrientationPortrait UIInterfaceOrientationLandscapeLeft UIInterfaceOrientationLandscapeRight";
				LD_RUNPATH_SEARCH_PATHS = (
					"$(inherited)",
					"@executable_path/Frameworks",
				);
				MARKETING_VERSION = 1.0;
				PRODUCT_BUNDLE_IDENTIFIER = com.LeoAlbergaria.Peladapp;
				PRODUCT_NAME = "$(TARGET_NAME)";
				SWIFT_EMIT_LOC_STRINGS = YES;
				SWIFT_VERSION = 5.0;
				TARGETED_DEVICE_FAMILY = "1,2";
			};
			name = Debug;
		};
		5D5248DB2BBFAF0B0082FC70 /* Release */ = {
			isa = XCBuildConfiguration;
			buildSettings = {
				ASSETCATALOG_COMPILER_APPICON_NAME = AppIcon;
				ASSETCATALOG_COMPILER_GLOBAL_ACCENT_COLOR_NAME = AccentColor;
				CODE_SIGN_STYLE = Automatic;
				CURRENT_PROJECT_VERSION = 1;
				DEVELOPMENT_TEAM = 5WCLLV7X27;
				GENERATE_INFOPLIST_FILE = YES;
				INFOPLIST_FILE = Peladapp/Info.plist;
				INFOPLIST_KEY_UIApplicationSupportsIndirectInputEvents = YES;
				INFOPLIST_KEY_UILaunchStoryboardName = LaunchScreen;
				INFOPLIST_KEY_UIMainStoryboardFile = Main;
				INFOPLIST_KEY_UISupportedInterfaceOrientations_iPad = "UIInterfaceOrientationPortrait UIInterfaceOrientationPortraitUpsideDown UIInterfaceOrientationLandscapeLeft UIInterfaceOrientationLandscapeRight";
				INFOPLIST_KEY_UISupportedInterfaceOrientations_iPhone = "UIInterfaceOrientationPortrait UIInterfaceOrientationLandscapeLeft UIInterfaceOrientationLandscapeRight";
				LD_RUNPATH_SEARCH_PATHS = (
					"$(inherited)",
					"@executable_path/Frameworks",
				);
				MARKETING_VERSION = 1.0;
				PRODUCT_BUNDLE_IDENTIFIER = com.LeoAlbergaria.Peladapp;
				PRODUCT_NAME = "$(TARGET_NAME)";
				SWIFT_EMIT_LOC_STRINGS = YES;
				SWIFT_VERSION = 5.0;
				TARGETED_DEVICE_FAMILY = "1,2";
			};
			name = Release;
		};
		5D5248DD2BBFAF0B0082FC70 /* Debug */ = {
			isa = XCBuildConfiguration;
			buildSettings = {
				ALWAYS_EMBED_SWIFT_STANDARD_LIBRARIES = YES;
				BUNDLE_LOADER = "$(TEST_HOST)";
				CODE_SIGN_STYLE = Automatic;
				CURRENT_PROJECT_VERSION = 1;
				DEVELOPMENT_TEAM = 5WCLLV7X27;
				GENERATE_INFOPLIST_FILE = YES;
				IPHONEOS_DEPLOYMENT_TARGET = 17.2;
				MARKETING_VERSION = 1.0;
				PRODUCT_BUNDLE_IDENTIFIER = com.LeoAlbergaria.PeladappTests;
				PRODUCT_NAME = "$(TARGET_NAME)";
				SWIFT_EMIT_LOC_STRINGS = NO;
				SWIFT_VERSION = 5.0;
				TARGETED_DEVICE_FAMILY = "1,2";
				TEST_HOST = "$(BUILT_PRODUCTS_DIR)/Peladapp.app/$(BUNDLE_EXECUTABLE_FOLDER_PATH)/Peladapp";
			};
			name = Debug;
		};
		5D5248DE2BBFAF0B0082FC70 /* Release */ = {
			isa = XCBuildConfiguration;
			buildSettings = {
				ALWAYS_EMBED_SWIFT_STANDARD_LIBRARIES = YES;
				BUNDLE_LOADER = "$(TEST_HOST)";
				CODE_SIGN_STYLE = Automatic;
				CURRENT_PROJECT_VERSION = 1;
				DEVELOPMENT_TEAM = 5WCLLV7X27;
				GENERATE_INFOPLIST_FILE = YES;
				IPHONEOS_DEPLOYMENT_TARGET = 17.2;
				MARKETING_VERSION = 1.0;
				PRODUCT_BUNDLE_IDENTIFIER = com.LeoAlbergaria.PeladappTests;
				PRODUCT_NAME = "$(TARGET_NAME)";
				SWIFT_EMIT_LOC_STRINGS = NO;
				SWIFT_VERSION = 5.0;
				TARGETED_DEVICE_FAMILY = "1,2";
				TEST_HOST = "$(BUILT_PRODUCTS_DIR)/Peladapp.app/$(BUNDLE_EXECUTABLE_FOLDER_PATH)/Peladapp";
			};
			name = Release;
		};
		5D5248E02BBFAF0B0082FC70 /* Debug */ = {
			isa = XCBuildConfiguration;
			buildSettings = {
				ALWAYS_EMBED_SWIFT_STANDARD_LIBRARIES = YES;
				CODE_SIGN_STYLE = Automatic;
				CURRENT_PROJECT_VERSION = 1;
				DEVELOPMENT_TEAM = 5WCLLV7X27;
				GENERATE_INFOPLIST_FILE = YES;
				MARKETING_VERSION = 1.0;
				PRODUCT_BUNDLE_IDENTIFIER = com.LeoAlbergaria.PeladappUITests;
				PRODUCT_NAME = "$(TARGET_NAME)";
				SWIFT_EMIT_LOC_STRINGS = NO;
				SWIFT_VERSION = 5.0;
				TARGETED_DEVICE_FAMILY = "1,2";
				TEST_TARGET_NAME = Peladapp;
			};
			name = Debug;
		};
		5D5248E12BBFAF0B0082FC70 /* Release */ = {
			isa = XCBuildConfiguration;
			buildSettings = {
				ALWAYS_EMBED_SWIFT_STANDARD_LIBRARIES = YES;
				CODE_SIGN_STYLE = Automatic;
				CURRENT_PROJECT_VERSION = 1;
				DEVELOPMENT_TEAM = 5WCLLV7X27;
				GENERATE_INFOPLIST_FILE = YES;
				MARKETING_VERSION = 1.0;
				PRODUCT_BUNDLE_IDENTIFIER = com.LeoAlbergaria.PeladappUITests;
				PRODUCT_NAME = "$(TARGET_NAME)";
				SWIFT_EMIT_LOC_STRINGS = NO;
				SWIFT_VERSION = 5.0;
				TARGETED_DEVICE_FAMILY = "1,2";
				TEST_TARGET_NAME = Peladapp;
			};
			name = Release;
		};
/* End XCBuildConfiguration section */

/* Begin XCConfigurationList section */
		5D5248AA2BBFAF090082FC70 /* Build configuration list for PBXProject "Peladapp" */ = {
			isa = XCConfigurationList;
			buildConfigurations = (
				5D5248D72BBFAF0B0082FC70 /* Debug */,
				5D5248D82BBFAF0B0082FC70 /* Release */,
			);
			defaultConfigurationIsVisible = 0;
			defaultConfigurationName = Release;
		};
		5D5248D92BBFAF0B0082FC70 /* Build configuration list for PBXNativeTarget "Peladapp" */ = {
			isa = XCConfigurationList;
			buildConfigurations = (
				5D5248DA2BBFAF0B0082FC70 /* Debug */,
				5D5248DB2BBFAF0B0082FC70 /* Release */,
			);
			defaultConfigurationIsVisible = 0;
			defaultConfigurationName = Release;
		};
		5D5248DC2BBFAF0B0082FC70 /* Build configuration list for PBXNativeTarget "PeladappTests" */ = {
			isa = XCConfigurationList;
			buildConfigurations = (
				5D5248DD2BBFAF0B0082FC70 /* Debug */,
				5D5248DE2BBFAF0B0082FC70 /* Release */,
			);
			defaultConfigurationIsVisible = 0;
			defaultConfigurationName = Release;
		};
		5D5248DF2BBFAF0B0082FC70 /* Build configuration list for PBXNativeTarget "PeladappUITests" */ = {
			isa = XCConfigurationList;
			buildConfigurations = (
				5D5248E02BBFAF0B0082FC70 /* Debug */,
				5D5248E12BBFAF0B0082FC70 /* Release */,
			);
			defaultConfigurationIsVisible = 0;
			defaultConfigurationName = Release;
		};
/* End XCConfigurationList section */
	};
	rootObject = 5D5248A72BBFAF090082FC70 /* Project object */;
}
